// !$*UTF8*$!
{
	archiveVersion = 1;
	classes = {
	};
	objectVersion = 46;
	objects = {

/* Begin PBXBuildFile section */
		0179C504A60359369693695F1C8BB573 /* WebImage.framework in Embed Frameworks */ = {isa = PBXBuildFile; fileRef = 5F2426437DFC23C5DCBF9430816A6BD4 /* WebImage.framework */; settings = {ATTRIBUTES = (CodeSignOnCopy, RemoveHeadersOnCopy, ); }; };
		08FF8EC4D2127BB857C40974C357A2E0 /* TVPlayerViewController.m in Sources */ = {isa = PBXBuildFile; fileRef = 5C054EDB65EA326E43805840988D11E5 /* TVPlayerViewController.m */; };
		1443F2801BA4B013BAB5316AD393CE9D /* main.m in Sources */ = {isa = PBXBuildFile; fileRef = E79D86BDABCFF94C1E142C187C9B6A14 /* main.m */; };
		1DE211BCA4005E43853278F4606FB6A9 /* TVFavoriteViewModel.m in Sources */ = {isa = PBXBuildFile; fileRef = F9CA75FAF80826A6FA8BB82595B01979 /* TVFavoriteViewModel.m */; };
		366BD8E02A8121B9A1138B43AF74BFE5 /* SRPModel.framework in Frameworks */ = {isa = PBXBuildFile; fileRef = 8B9786A854FEE2E2CEEAF8B9DF8E1015 /* SRPModel.framework */; };
		3A92ABD635B2B1B5AAAAB3F1260F24F6 /* SRPPlist.framework in Embed Frameworks */ = {isa = PBXBuildFile; fileRef = 7D6A0638625B70409C1A5F9C6D16B3F8 /* SRPPlist.framework */; settings = {ATTRIBUTES = (CodeSignOnCopy, RemoveHeadersOnCopy, ); }; };
		44AC501F7CFB6A4128D81E536DC92F92 /* TVChannelViewController+Delegations.m in Sources */ = {isa = PBXBuildFile; fileRef = B8A70BE88081D17E5C42C7E4F05E65D7 /* TVChannelViewController+Delegations.m */; };
		46A3276460867D498C6DADAF50A875E6 /* Assets.xcassets in Resources */ = {isa = PBXBuildFile; fileRef = E9E3D196D4F32F6F15F9FAC92C073091 /* Assets.xcassets */; };
		561CD20311EFF891C00B16AF863CE0DF /* SRPPlist.framework in Frameworks */ = {isa = PBXBuildFile; fileRef = 7D6A0638625B70409C1A5F9C6D16B3F8 /* SRPPlist.framework */; };
		572CFF44FF7F21C8963813F12DA53080 /* LaunchScreen.storyboard in Resources */ = {isa = PBXBuildFile; fileRef = 3C8C026D22CF3C95EC4AD565CAE6C133 /* LaunchScreen.storyboard */; };
		63E0B6CBE56098539A1E198EA7F412EA /* Localizable.strings in Resources */ = {isa = PBXBuildFile; fileRef = ACB4AF2EFD0AB75F4EA10636EA1B18B8 /* Localizable.strings */; };
		75595BFEAF1DC9A2997513C2CC9BF750 /* TVChannelCell.m in Sources */ = {isa = PBXBuildFile; fileRef = C21E5B3310D418723F63D27B065E49BB /* TVChannelCell.m */; };
		8B8AA0B31050A1CA43DEDC8694F4F407 /* TVChannel.m in Sources */ = {isa = PBXBuildFile; fileRef = 7804CF787437A8616139D4FE0488D80C /* TVChannel.m */; };
		9836CE5DBB261E3B84D3EEA893B5D225 /* SRPModel.framework in Embed Frameworks */ = {isa = PBXBuildFile; fileRef = 8B9786A854FEE2E2CEEAF8B9DF8E1015 /* SRPModel.framework */; settings = {ATTRIBUTES = (CodeSignOnCopy, RemoveHeadersOnCopy, ); }; };
		9BA31D89141DF879B7DD2417FEEF91D4 /* TVChannelViewModel.m in Sources */ = {isa = PBXBuildFile; fileRef = A5BAA9AE187C4114F5ABF812C09074E6 /* TVChannelViewModel.m */; };
		A557B15746FB290816864F1AA7A21219 /* TVSettingController.m in Sources */ = {isa = PBXBuildFile; fileRef = 5AF0C2E836CBB1C46FB19FF69F4EAC44 /* TVSettingController.m */; };
		A58F3F574CA68C1851E4DAE73DC4B9A5 /* AppDelegate.m in Sources */ = {isa = PBXBuildFile; fileRef = B2AE0FF95CBC44234C216E8BBA959E80 /* AppDelegate.m */; };
		A7166755E607A96A2F87F5E0F9084D45 /* AVKit.framework in Frameworks */ = {isa = PBXBuildFile; fileRef = 2B0189E1C0520D701A2473EDE6027453 /* AVKit.framework */; };
		B74612CD9D4A1E9536E8AAC0DEC7A541 /* TVChannelViewController.m in Sources */ = {isa = PBXBuildFile; fileRef = 9E8D7DD17831F92446D292D5B1AF054E /* TVChannelViewController.m */; };
		C1BF165760814CE5DB3D007624CB0871 /* WebImage.framework in Frameworks */ = {isa = PBXBuildFile; fileRef = 5F2426437DFC23C5DCBF9430816A6BD4 /* WebImage.framework */; };
		E8827979A58233E689EADB2FB99E019A /* TVFavoriteViewController.m in Sources */ = {isa = PBXBuildFile; fileRef = D239A3BC4143EF95B13E925A1CAC6458 /* TVFavoriteViewController.m */; };
		EE9D1D21C04FABBBBD1F9227805E2C83 /* Main.storyboard in Resources */ = {isa = PBXBuildFile; fileRef = A2E4B156D18170E61E7114BC7DA07563 /* Main.storyboard */; };
/* End PBXBuildFile section */

/* Begin PBXCopyFilesBuildPhase section */
		0D11C56206DB6216C950DC7176D41CF3 /* Embed Frameworks */ = {
			isa = PBXCopyFilesBuildPhase;
			buildActionMask = 2147483647;
			dstPath = "";
			dstSubfolderSpec = 10;
			files = (
				9836CE5DBB261E3B84D3EEA893B5D225 /* SRPModel.framework in Embed Frameworks */,
				3A92ABD635B2B1B5AAAAB3F1260F24F6 /* SRPPlist.framework in Embed Frameworks */,
				0179C504A60359369693695F1C8BB573 /* WebImage.framework in Embed Frameworks */,
			);
			name = "Embed Frameworks";
			runOnlyForDeploymentPostprocessing = 0;
		};
/* End PBXCopyFilesBuildPhase section */

/* Begin PBXFileReference section */
		086CCBEEBE341019C35F025C9F6AE637 /* AppDelegate.h */ = {isa = PBXFileReference; lastKnownFileType = sourcecode.c.h; path = AppDelegate.h; sourceTree = "<group>"; };
		1AAC46E61B8114D9A4C48B1AC945288C /* Info.plist */ = {isa = PBXFileReference; lastKnownFileType = text.plist.xml; path = Info.plist; sourceTree = "<group>"; };
		20EF381612AFD8AEECAF7CF2FC6DD53C /* TVChannel.h */ = {isa = PBXFileReference; fileEncoding = 4; lastKnownFileType = sourcecode.c.h; path = TVChannel.h; sourceTree = "<group>"; };
		2B0189E1C0520D701A2473EDE6027453 /* AVKit.framework */ = {isa = PBXFileReference; lastKnownFileType = wrapper.framework; name = AVKit.framework; path = System/Library/Frameworks/AVKit.framework; sourceTree = SDKROOT; };
		2D91B2D929AD8A997EB1D1BA46F8DB82 /* TVChannelViewController+Delegations.h */ = {isa = PBXFileReference; fileEncoding = 4; lastKnownFileType = sourcecode.c.h; path = "TVChannelViewController+Delegations.h"; sourceTree = "<group>"; };
		2FE6AF855097A7E7C6C10001943D972C /* Base */ = {isa = PBXFileReference; lastKnownFileType = text.plist.strings; name = Base; path = Base.lproj/Localizable.strings; sourceTree = "<group>"; };
		4AD6F616B0A56E18D2E11DBE661CFA0A /* zh-Hant */ = {isa = PBXFileReference; lastKnownFileType = text.plist.strings; name = "zh-Hant"; path = "zh-Hant.lproj/Localizable.strings"; sourceTree = "<group>"; };
		58516E08F4DFF658343FAD621225EC93 /* TVFavoriteViewController.h */ = {isa = PBXFileReference; fileEncoding = 4; lastKnownFileType = sourcecode.c.h; path = TVFavoriteViewController.h; sourceTree = "<group>"; };
		5AF0C2E836CBB1C46FB19FF69F4EAC44 /* TVSettingController.m */ = {isa = PBXFileReference; fileEncoding = 4; lastKnownFileType = sourcecode.c.objc; path = TVSettingController.m; sourceTree = "<group>"; };
		5C054EDB65EA326E43805840988D11E5 /* TVPlayerViewController.m */ = {isa = PBXFileReference; fileEncoding = 4; lastKnownFileType = sourcecode.c.objc; path = TVPlayerViewController.m; sourceTree = "<group>"; };
		5F2426437DFC23C5DCBF9430816A6BD4 /* WebImage.framework */ = {isa = PBXFileReference; lastKnownFileType = wrapper.framework; name = WebImage.framework; path = Carthage/Build/iOS/WebImage.framework; sourceTree = "<group>"; };
		66604311E96915F6E25402FF4FDA1BAE /* zh-Hant */ = {isa = PBXFileReference; lastKnownFileType = text.plist.strings; name = "zh-Hant"; path = "zh-Hant.lproj/Main.strings"; sourceTree = "<group>"; };
		6D81AF80D7C2EFDFE3DC3C943A780C9C /* TVFavoriteViewModel.h */ = {isa = PBXFileReference; fileEncoding = 4; lastKnownFileType = sourcecode.c.h; path = TVFavoriteViewModel.h; sourceTree = "<group>"; };
		7804CF787437A8616139D4FE0488D80C /* TVChannel.m */ = {isa = PBXFileReference; fileEncoding = 4; lastKnownFileType = sourcecode.c.objc; path = TVChannel.m; sourceTree = "<group>"; };
		7D6A0638625B70409C1A5F9C6D16B3F8 /* SRPPlist.framework */ = {isa = PBXFileReference; lastKnownFileType = wrapper.framework; name = SRPPlist.framework; path = Carthage/Build/iOS/SRPPlist.framework; sourceTree = "<group>"; };
		850DCD42E3F77AC1CE52896E3F9F5010 /* Base */ = {isa = PBXFileReference; lastKnownFileType = file.storyboard; name = Base; path = Base.lproj/LaunchScreen.storyboard; sourceTree = "<group>"; };
		8546E6E56AC14D4DCB5810336BBB1C09 /* TVChannelCell.h */ = {isa = PBXFileReference; fileEncoding = 4; lastKnownFileType = sourcecode.c.h; path = TVChannelCell.h; sourceTree = "<group>"; };
		85A1B892BEA32EEDB479A3E5C2C31341 /* TVPlayerViewController.h */ = {isa = PBXFileReference; fileEncoding = 4; lastKnownFileType = sourcecode.c.h; path = TVPlayerViewController.h; sourceTree = "<group>"; };
		8B9786A854FEE2E2CEEAF8B9DF8E1015 /* SRPModel.framework */ = {isa = PBXFileReference; lastKnownFileType = wrapper.framework; name = SRPModel.framework; path = Carthage/Build/iOS/SRPModel.framework; sourceTree = "<group>"; };
		9E8D7DD17831F92446D292D5B1AF054E /* TVChannelViewController.m */ = {isa = PBXFileReference; fileEncoding = 4; lastKnownFileType = sourcecode.c.objc; path = TVChannelViewController.m; sourceTree = "<group>"; };
		A5BAA9AE187C4114F5ABF812C09074E6 /* TVChannelViewModel.m */ = {isa = PBXFileReference; fileEncoding = 4; lastKnownFileType = sourcecode.c.objc; path = TVChannelViewModel.m; sourceTree = "<group>"; };
		A5C0706330E5DBF4B80FF09C908EC3DC /* TVChannelViewController.h */ = {isa = PBXFileReference; fileEncoding = 4; lastKnownFileType = sourcecode.c.h; path = TVChannelViewController.h; sourceTree = "<group>"; };
		AE2813830ACAC63098FCA76D6F2B8250 /* TVSettingController.h */ = {isa = PBXFileReference; fileEncoding = 4; lastKnownFileType = sourcecode.c.h; path = TVSettingController.h; sourceTree = "<group>"; };
		B2AE0FF95CBC44234C216E8BBA959E80 /* AppDelegate.m */ = {isa = PBXFileReference; lastKnownFileType = sourcecode.c.objc; path = AppDelegate.m; sourceTree = "<group>"; };
		B8A70BE88081D17E5C42C7E4F05E65D7 /* TVChannelViewController+Delegations.m */ = {isa = PBXFileReference; fileEncoding = 4; lastKnownFileType = sourcecode.c.objc; path = "TVChannelViewController+Delegations.m"; sourceTree = "<group>"; };
		C21E5B3310D418723F63D27B065E49BB /* TVChannelCell.m */ = {isa = PBXFileReference; fileEncoding = 4; lastKnownFileType = sourcecode.c.objc; path = TVChannelCell.m; sourceTree = "<group>"; };
		D239A3BC4143EF95B13E925A1CAC6458 /* TVFavoriteViewController.m */ = {isa = PBXFileReference; fileEncoding = 4; lastKnownFileType = sourcecode.c.objc; path = TVFavoriteViewController.m; sourceTree = "<group>"; };
		DFA80F88D31FFAE2E05F58545B833785 /* TVChannelViewModel.h */ = {isa = PBXFileReference; fileEncoding = 4; lastKnownFileType = sourcecode.c.h; path = TVChannelViewModel.h; sourceTree = "<group>"; };
		E3A89BAA5FE3A2D32BB099FDED3FE2EB /* Base */ = {isa = PBXFileReference; lastKnownFileType = file.storyboard; name = Base; path = Base.lproj/Main.storyboard; sourceTree = "<group>"; };
		E79D86BDABCFF94C1E142C187C9B6A14 /* main.m */ = {isa = PBXFileReference; lastKnownFileType = sourcecode.c.objc; path = main.m; sourceTree = "<group>"; };
		E9E3D196D4F32F6F15F9FAC92C073091 /* Assets.xcassets */ = {isa = PBXFileReference; lastKnownFileType = folder.assetcatalog; name = Assets.xcassets; path = WatchTV/Assets.xcassets; sourceTree = "<group>"; };
		EF5B44BE86B36B99EC66AAE272944A04 /* en */ = {isa = PBXFileReference; lastKnownFileType = text.plist.strings; name = en; path = en.lproj/Localizable.strings; sourceTree = "<group>"; };
		F9CA75FAF80826A6FA8BB82595B01979 /* TVFavoriteViewModel.m */ = {isa = PBXFileReference; fileEncoding = 4; lastKnownFileType = sourcecode.c.objc; path = TVFavoriteViewModel.m; sourceTree = "<group>"; };
		FCF4CD825A333C64A25FC547282941A9 /* WatchTV.app */ = {isa = PBXFileReference; explicitFileType = wrapper.application; includeInIndex = 0; path = WatchTV.app; sourceTree = BUILT_PRODUCTS_DIR; };
		FE961F2DBB50231575C669B1EFECEC3C /* en */ = {isa = PBXFileReference; lastKnownFileType = text.plist.strings; name = en; path = en.lproj/Main.strings; sourceTree = "<group>"; };
/* End PBXFileReference section */

/* Begin PBXFrameworksBuildPhase section */
		A88F72039656B99C6629EDB5F6588242 /* Frameworks */ = {
			isa = PBXFrameworksBuildPhase;
			buildActionMask = 2147483647;
			files = (
				A7166755E607A96A2F87F5E0F9084D45 /* AVKit.framework in Frameworks */,
				366BD8E02A8121B9A1138B43AF74BFE5 /* SRPModel.framework in Frameworks */,
				561CD20311EFF891C00B16AF863CE0DF /* SRPPlist.framework in Frameworks */,
				C1BF165760814CE5DB3D007624CB0871 /* WebImage.framework in Frameworks */,
			);
			runOnlyForDeploymentPostprocessing = 0;
		};
/* End PBXFrameworksBuildPhase section */

/* Begin PBXGroup section */
		3CE6EEFA36DD7B21606518EE142EDBB3 /* Tab3 */ = {
			isa = PBXGroup;
			children = (
				AE2813830ACAC63098FCA76D6F2B8250 /* TVSettingController.h */,
				5AF0C2E836CBB1C46FB19FF69F4EAC44 /* TVSettingController.m */,
			);
			name = Tab3;
			sourceTree = "<group>";
		};
		4C503B1BAA235CB31F495B27961AADA0 = {
			isa = PBXGroup;
			children = (
				FE45C1683298CFF6BEC6D425E86CB8B4 /* Frameworks */,
				AC1D9806A25548DF3C4DC5689EC18903 /* Products */,
				8C65B6CFCC791F60E4ECE7A071005A35 /* Supporting Files */,
				85B5BFDD44D35E961FFA19933426014E /* WatchTV */,
				E9E3D196D4F32F6F15F9FAC92C073091 /* Assets.xcassets */,
			);
			sourceTree = "<group>";
		};
		502BC6E4445930C86D76DFE389892762 /* Tab2 */ = {
			isa = PBXGroup;
			children = (
				58516E08F4DFF658343FAD621225EC93 /* TVFavoriteViewController.h */,
				D239A3BC4143EF95B13E925A1CAC6458 /* TVFavoriteViewController.m */,
				6D81AF80D7C2EFDFE3DC3C943A780C9C /* TVFavoriteViewModel.h */,
				F9CA75FAF80826A6FA8BB82595B01979 /* TVFavoriteViewModel.m */,
			);
			name = Tab2;
			sourceTree = "<group>";
		};
		5C9DB0FF1C19611BB6F0153DBCB86E74 /* Storyboard */ = {
			isa = PBXGroup;
			children = (
				3C8C026D22CF3C95EC4AD565CAE6C133 /* LaunchScreen.storyboard */,
				A2E4B156D18170E61E7114BC7DA07563 /* Main.storyboard */,
			);
			name = Storyboard;
			sourceTree = "<group>";
		};
		85B5BFDD44D35E961FFA19933426014E /* WatchTV */ = {
			isa = PBXGroup;
			children = (
				C698753DBF702F88E1DBFECA56D2F3F5 /* CustomView */,
				DB2CBC1C713C03A6642F2B61FFD3F4B6 /* Model */,
				F9E7CD0BEE8E159A7E73E89BEA5EA0B2 /* Player */,
				5C9DB0FF1C19611BB6F0153DBCB86E74 /* Storyboard */,
				B804B56DE25EC539F8ECD129BD34A5D5 /* Tab1 */,
				502BC6E4445930C86D76DFE389892762 /* Tab2 */,
				3CE6EEFA36DD7B21606518EE142EDBB3 /* Tab3 */,
				086CCBEEBE341019C35F025C9F6AE637 /* AppDelegate.h */,
				B2AE0FF95CBC44234C216E8BBA959E80 /* AppDelegate.m */,
			);
			path = WatchTV;
			sourceTree = "<group>";
		};
		8C65B6CFCC791F60E4ECE7A071005A35 /* Supporting Files */ = {
			isa = PBXGroup;
			children = (
				1AAC46E61B8114D9A4C48B1AC945288C /* Info.plist */,
				ACB4AF2EFD0AB75F4EA10636EA1B18B8 /* Localizable.strings */,
				E79D86BDABCFF94C1E142C187C9B6A14 /* main.m */,
			);
			name = "Supporting Files";
			path = WatchTV;
			sourceTree = "<group>";
		};
		AC1D9806A25548DF3C4DC5689EC18903 /* Products */ = {
			isa = PBXGroup;
			children = (
				FCF4CD825A333C64A25FC547282941A9 /* WatchTV.app */,
			);
			name = Products;
			sourceTree = "<group>";
		};
		B804B56DE25EC539F8ECD129BD34A5D5 /* Tab1 */ = {
			isa = PBXGroup;
			children = (
				2D91B2D929AD8A997EB1D1BA46F8DB82 /* TVChannelViewController+Delegations.h */,
				B8A70BE88081D17E5C42C7E4F05E65D7 /* TVChannelViewController+Delegations.m */,
				A5C0706330E5DBF4B80FF09C908EC3DC /* TVChannelViewController.h */,
				9E8D7DD17831F92446D292D5B1AF054E /* TVChannelViewController.m */,
				DFA80F88D31FFAE2E05F58545B833785 /* TVChannelViewModel.h */,
				A5BAA9AE187C4114F5ABF812C09074E6 /* TVChannelViewModel.m */,
			);
			name = Tab1;
			sourceTree = "<group>";
		};
		C698753DBF702F88E1DBFECA56D2F3F5 /* CustomView */ = {
			isa = PBXGroup;
			children = (
				8546E6E56AC14D4DCB5810336BBB1C09 /* TVChannelCell.h */,
				C21E5B3310D418723F63D27B065E49BB /* TVChannelCell.m */,
			);
			name = CustomView;
			sourceTree = "<group>";
		};
		DB2CBC1C713C03A6642F2B61FFD3F4B6 /* Model */ = {
			isa = PBXGroup;
			children = (
				20EF381612AFD8AEECAF7CF2FC6DD53C /* TVChannel.h */,
				7804CF787437A8616139D4FE0488D80C /* TVChannel.m */,
			);
			name = Model;
			sourceTree = "<group>";
		};
		F9E7CD0BEE8E159A7E73E89BEA5EA0B2 /* Player */ = {
			isa = PBXGroup;
			children = (
				85A1B892BEA32EEDB479A3E5C2C31341 /* TVPlayerViewController.h */,
				5C054EDB65EA326E43805840988D11E5 /* TVPlayerViewController.m */,
			);
			name = Player;
			sourceTree = "<group>";
		};
		FE45C1683298CFF6BEC6D425E86CB8B4 /* Frameworks */ = {
			isa = PBXGroup;
			children = (
				2B0189E1C0520D701A2473EDE6027453 /* AVKit.framework */,
				8B9786A854FEE2E2CEEAF8B9DF8E1015 /* SRPModel.framework */,
				7D6A0638625B70409C1A5F9C6D16B3F8 /* SRPPlist.framework */,
				5F2426437DFC23C5DCBF9430816A6BD4 /* WebImage.framework */,
			);
			name = Frameworks;
			sourceTree = "<group>";
		};
/* End PBXGroup section */

/* Begin PBXNativeTarget section */
		1A56095E683F4A182DF37BA9F22ECDC9 /* WatchTV */ = {
			isa = PBXNativeTarget;
			buildConfigurationList = A258F66110481C85C24CB7CECD5761FB /* Build configuration list for PBXNativeTarget "WatchTV" */;
			buildPhases = (
				97DE5EA5AD2F69BE3E85FB17932B6C4E /* Sources */,
				A88F72039656B99C6629EDB5F6588242 /* Frameworks */,
				AAE050768C90F234DE39E5A3F44880FE /* Resources */,
				0D11C56206DB6216C950DC7176D41CF3 /* Embed Frameworks */,
			);
			buildRules = (
			);
			dependencies = (
			);
			name = WatchTV;
			productName = WatchTV;
			productReference = FCF4CD825A333C64A25FC547282941A9 /* WatchTV.app */;
			productType = "com.apple.product-type.application";
		};
/* End PBXNativeTarget section */

/* Begin PBXProject section */
		5CAA3B03DF21A6115343B05679AEDD52 /* Project object */ = {
			isa = PBXProject;
			attributes = {
				LastUpgradeCheck = 0820;
				ORGANIZATIONNAME = shinrenpan;
				TargetAttributes = {
					1A56095E683F4A182DF37BA9F22ECDC9 = {
						CreatedOnToolsVersion = 7.3.1;
						DevelopmentTeam = VZWPMD258L;
						SystemCapabilities = {
							com.apple.BackgroundModes = {
								enabled = 1;
							};
						};
					};
				};
			};
			buildConfigurationList = 591F8BD761B1A9EF38224D7413F1BD74 /* Build configuration list for PBXProject "WatchTV" */;
			compatibilityVersion = "Xcode 3.2";
			developmentRegion = English;
			hasScannedForEncodings = 0;
			knownRegions = (
				en,
				Base,
				"zh-Hant",
			);
			mainGroup = 4C503B1BAA235CB31F495B27961AADA0;
			productRefGroup = AC1D9806A25548DF3C4DC5689EC18903 /* Products */;
			projectDirPath = "";
			projectRoot = "";
			targets = (
				1A56095E683F4A182DF37BA9F22ECDC9 /* WatchTV */,
			);
		};
/* End PBXProject section */

/* Begin PBXResourcesBuildPhase section */
		AAE050768C90F234DE39E5A3F44880FE /* Resources */ = {
			isa = PBXResourcesBuildPhase;
			buildActionMask = 2147483647;
			files = (
				46A3276460867D498C6DADAF50A875E6 /* Assets.xcassets in Resources */,
				572CFF44FF7F21C8963813F12DA53080 /* LaunchScreen.storyboard in Resources */,
				63E0B6CBE56098539A1E198EA7F412EA /* Localizable.strings in Resources */,
				EE9D1D21C04FABBBBD1F9227805E2C83 /* Main.storyboard in Resources */,
			);
			runOnlyForDeploymentPostprocessing = 0;
		};
/* End PBXResourcesBuildPhase section */

/* Begin PBXSourcesBuildPhase section */
		97DE5EA5AD2F69BE3E85FB17932B6C4E /* Sources */ = {
			isa = PBXSourcesBuildPhase;
			buildActionMask = 2147483647;
			files = (
				A58F3F574CA68C1851E4DAE73DC4B9A5 /* AppDelegate.m in Sources */,
				8B8AA0B31050A1CA43DEDC8694F4F407 /* TVChannel.m in Sources */,
				75595BFEAF1DC9A2997513C2CC9BF750 /* TVChannelCell.m in Sources */,
				44AC501F7CFB6A4128D81E536DC92F92 /* TVChannelViewController+Delegations.m in Sources */,
				B74612CD9D4A1E9536E8AAC0DEC7A541 /* TVChannelViewController.m in Sources */,
				9BA31D89141DF879B7DD2417FEEF91D4 /* TVChannelViewModel.m in Sources */,
				E8827979A58233E689EADB2FB99E019A /* TVFavoriteViewController.m in Sources */,
				1DE211BCA4005E43853278F4606FB6A9 /* TVFavoriteViewModel.m in Sources */,
				08FF8EC4D2127BB857C40974C357A2E0 /* TVPlayerViewController.m in Sources */,
				A557B15746FB290816864F1AA7A21219 /* TVSettingController.m in Sources */,
				1443F2801BA4B013BAB5316AD393CE9D /* main.m in Sources */,
			);
			runOnlyForDeploymentPostprocessing = 0;
		};
/* End PBXSourcesBuildPhase section */

/* Begin PBXVariantGroup section */
		3C8C026D22CF3C95EC4AD565CAE6C133 /* LaunchScreen.storyboard */ = {
			isa = PBXVariantGroup;
			children = (
				850DCD42E3F77AC1CE52896E3F9F5010 /* Base */,
			);
			name = LaunchScreen.storyboard;
			sourceTree = "<group>";
		};
		A2E4B156D18170E61E7114BC7DA07563 /* Main.storyboard */ = {
			isa = PBXVariantGroup;
			children = (
				E3A89BAA5FE3A2D32BB099FDED3FE2EB /* Base */,
				FE961F2DBB50231575C669B1EFECEC3C /* en */,
				66604311E96915F6E25402FF4FDA1BAE /* zh-Hant */,
			);
			name = Main.storyboard;
			sourceTree = "<group>";
		};
		ACB4AF2EFD0AB75F4EA10636EA1B18B8 /* Localizable.strings */ = {
			isa = PBXVariantGroup;
			children = (
				2FE6AF855097A7E7C6C10001943D972C /* Base */,
				EF5B44BE86B36B99EC66AAE272944A04 /* en */,
				4AD6F616B0A56E18D2E11DBE661CFA0A /* zh-Hant */,
			);
			name = Localizable.strings;
			sourceTree = "<group>";
		};
/* End PBXVariantGroup section */

/* Begin XCBuildConfiguration section */
		56C9938335112D56E1AAC4C3E807DBF4 /* Release */ = {
			isa = XCBuildConfiguration;
			buildSettings = {
				ASSETCATALOG_COMPILER_APPICON_NAME = AppIcon;
				DEVELOPMENT_TEAM = VZWPMD258L;
				FRAMEWORK_SEARCH_PATHS = (
					"$(inherited)",
					"$(PROJECT_DIR)/Carthage/Build/iOS",
				);
				INFOPLIST_FILE = WatchTV/Info.plist;
				LD_RUNPATH_SEARCH_PATHS = "$(inherited) @executable_path/Frameworks";
				PRODUCT_BUNDLE_IDENTIFIER = com.shinrenpan.WatchTV;
				PRODUCT_NAME = "$(TARGET_NAME)";
				TARGETED_DEVICE_FAMILY = "1,2";
			};
			name = Release;
		};
		AD809E25FA610C45297F71B0A1B154DA /* Release */ = {
			isa = XCBuildConfiguration;
			buildSettings = {
				ALWAYS_SEARCH_USER_PATHS = NO;
				CLANG_ANALYZER_LOCALIZABILITY_NONLOCALIZED = YES;
				CLANG_ANALYZER_NONNULL = YES;
				CLANG_CXX_LANGUAGE_STANDARD = "gnu++0x";
				CLANG_CXX_LIBRARY = "libc++";
				CLANG_ENABLE_MODULES = YES;
				CLANG_ENABLE_OBJC_ARC = YES;
				CLANG_WARN_BOOL_CONVERSION = YES;
				CLANG_WARN_CONSTANT_CONVERSION = YES;
				CLANG_WARN_DIRECT_OBJC_ISA_USAGE = YES_ERROR;
				CLANG_WARN_EMPTY_BODY = YES;
				CLANG_WARN_ENUM_CONVERSION = YES;
				CLANG_WARN_INFINITE_RECURSION = YES;
				CLANG_WARN_INT_CONVERSION = YES;
				CLANG_WARN_OBJC_ROOT_CLASS = YES_ERROR;
				CLANG_WARN_SUSPICIOUS_MOVE = YES;
				CLANG_WARN_UNREACHABLE_CODE = YES;
				CLANG_WARN__DUPLICATE_METHOD_MATCH = YES;
				"CODE_SIGN_IDENTITY[sdk=iphoneos*]" = "iPhone Developer";
				COPY_PHASE_STRIP = NO;
				DEBUG_INFORMATION_FORMAT = "dwarf-with-dsym";
				ENABLE_NS_ASSERTIONS = NO;
				ENABLE_STRICT_OBJC_MSGSEND = YES;
				GCC_C_LANGUAGE_STANDARD = gnu99;
				GCC_NO_COMMON_BLOCKS = YES;
				GCC_WARN_64_TO_32_BIT_CONVERSION = YES;
				GCC_WARN_ABOUT_RETURN_TYPE = YES_ERROR;
				GCC_WARN_UNDECLARED_SELECTOR = YES;
				GCC_WARN_UNINITIALIZED_AUTOS = YES_AGGRESSIVE;
				GCC_WARN_UNUSED_FUNCTION = YES;
				GCC_WARN_UNUSED_VARIABLE = YES;
				IPHONEOS_DEPLOYMENT_TARGET = 9.3;
				MTL_ENABLE_DEBUG_INFO = NO;
				SDKROOT = iphoneos;
				VALIDATE_PRODUCT = YES;
			};
			name = Release;
		};
		C7FC67C5C321059777048ED8368A7800 /* Debug */ = {
			isa = XCBuildConfiguration;
			buildSettings = {
				ALWAYS_SEARCH_USER_PATHS = NO;
				CLANG_ANALYZER_LOCALIZABILITY_NONLOCALIZED = YES;
				CLANG_ANALYZER_NONNULL = YES;
				CLANG_CXX_LANGUAGE_STANDARD = "gnu++0x";
				CLANG_CXX_LIBRARY = "libc++";
				CLANG_ENABLE_MODULES = YES;
				CLANG_ENABLE_OBJC_ARC = YES;
				CLANG_WARN_BOOL_CONVERSION = YES;
				CLANG_WARN_CONSTANT_CONVERSION = YES;
				CLANG_WARN_DIRECT_OBJC_ISA_USAGE = YES_ERROR;
				CLANG_WARN_EMPTY_BODY = YES;
				CLANG_WARN_ENUM_CONVERSION = YES;
				CLANG_WARN_INFINITE_RECURSION = YES;
				CLANG_WARN_INT_CONVERSION = YES;
				CLANG_WARN_OBJC_ROOT_CLASS = YES_ERROR;
				CLANG_WARN_SUSPICIOUS_MOVE = YES;
				CLANG_WARN_UNREACHABLE_CODE = YES;
				CLANG_WARN__DUPLICATE_METHOD_MATCH = YES;
				"CODE_SIGN_IDENTITY[sdk=iphoneos*]" = "iPhone Developer";
				COPY_PHASE_STRIP = NO;
				DEBUG_INFORMATION_FORMAT = dwarf;
				ENABLE_STRICT_OBJC_MSGSEND = YES;
				ENABLE_TESTABILITY = YES;
				GCC_C_LANGUAGE_STANDARD = gnu99;
				GCC_DYNAMIC_NO_PIC = NO;
				GCC_NO_COMMON_BLOCKS = YES;
				GCC_OPTIMIZATION_LEVEL = 0;
				GCC_PREPROCESSOR_DEFINITIONS = (
					"DEBUG=1",
					"$(inherited)",
				);
				GCC_WARN_64_TO_32_BIT_CONVERSION = YES;
				GCC_WARN_ABOUT_RETURN_TYPE = YES_ERROR;
				GCC_WARN_UNDECLARED_SELECTOR = YES;
				GCC_WARN_UNINITIALIZED_AUTOS = YES_AGGRESSIVE;
				GCC_WARN_UNUSED_FUNCTION = YES;
				GCC_WARN_UNUSED_VARIABLE = YES;
				IPHONEOS_DEPLOYMENT_TARGET = 9.3;
				MTL_ENABLE_DEBUG_INFO = YES;
				ONLY_ACTIVE_ARCH = YES;
				SDKROOT = iphoneos;
			};
			name = Debug;
		};
		FAFC191633D4554621A5B5FA67242042 /* Debug */ = {
			isa = XCBuildConfiguration;
			buildSettings = {
				ASSETCATALOG_COMPILER_APPICON_NAME = AppIcon;
				DEVELOPMENT_TEAM = VZWPMD258L;
				FRAMEWORK_SEARCH_PATHS = (
					"$(inherited)",
					"$(PROJECT_DIR)/Carthage/Build/iOS",
				);
				INFOPLIST_FILE = WatchTV/Info.plist;
				LD_RUNPATH_SEARCH_PATHS = "$(inherited) @executable_path/Frameworks";
				PRODUCT_BUNDLE_IDENTIFIER = com.shinrenpan.WatchTV;
				PRODUCT_NAME = "$(TARGET_NAME)";
				TARGETED_DEVICE_FAMILY = "1,2";
			};
			name = Debug;
		};
/* End XCBuildConfiguration section */

/* Begin XCConfigurationList section */
		591F8BD761B1A9EF38224D7413F1BD74 /* Build configuration list for PBXProject "WatchTV" */ = {
			isa = XCConfigurationList;
			buildConfigurations = (
				C7FC67C5C321059777048ED8368A7800 /* Debug */,
				AD809E25FA610C45297F71B0A1B154DA /* Release */,
			);
			defaultConfigurationIsVisible = 0;
			defaultConfigurationName = Release;
		};
		A258F66110481C85C24CB7CECD5761FB /* Build configuration list for PBXNativeTarget "WatchTV" */ = {
			isa = XCConfigurationList;
			buildConfigurations = (
				FAFC191633D4554621A5B5FA67242042 /* Debug */,
				56C9938335112D56E1AAC4C3E807DBF4 /* Release */,
			);
			defaultConfigurationIsVisible = 0;
			defaultConfigurationName = Release;
		};
/* End XCConfigurationList section */
	};
	rootObject = 5CAA3B03DF21A6115343B05679AEDD52 /* Project object */;
}
